
Microsoft Visual Studio Solution File, Format Version 12.00
# Visual Studio Version 17
VisualStudioVersion = 17.7.34031.279
MinimumVisualStudioVersion = 10.0.40219.1
Project("{FAE04EC0-301F-11D3-BF4B-00C04F79EFBC}") = "Arric.Crypto.SM", "Arric.Crypto.SM\Arric.Crypto.SM.csproj", "{BEAF260F-5A1F-49DC-A343-CF082CEBE635}"
EndProject
Project("{FAE04EC0-301F-11D3-BF4B-00C04F79EFBC}") = "Arric.Crypto.SM.Tests", "Arric.Crypto.SM.Tests\Arric.Crypto.SM.Tests.csproj", "{DA51B710-8FBC-4010-AEB2-9BC571666090}"
EndProject
Global
	GlobalSection(SolutionConfigurationPlatforms) = preSolution
		Debug|Any CPU = Debug|Any CPU
		Release|Any CPU = Release|Any CPU
	EndGlobalSection
	GlobalSection(ProjectConfigurationPlatforms) = postSolution
		{BEAF260F-5A1F-49DC-A343-CF082CEBE635}.Debug|Any CPU.ActiveCfg = Debug|Any CPU
		{BEAF260F-5A1F-49DC-A343-CF082CEBE635}.Debug|Any CPU.Build.0 = Debug|Any CPU
		{BEAF260F-5A1F-49DC-A343-CF082CEBE635}.Release|Any CPU.ActiveCfg = Release|Any CPU
		{BEAF260F-5A1F-49DC-A343-CF082CEBE635}.Release|Any CPU.Build.0 = Release|Any CPU
		{DA51B710-8FBC-4010-AEB2-9BC571666090}.Debug|Any CPU.ActiveCfg = Debug|Any CPU
		{DA51B710-8FBC-4010-AEB2-9BC571666090}.Debug|Any CPU.Build.0 = Debug|Any CPU
		{DA51B710-8FBC-4010-AEB2-9BC571666090}.Release|Any CPU.ActiveCfg = Release|Any CPU
		{DA51B710-8FBC-4010-AEB2-9BC571666090}.Release|Any CPU.Build.0 = Release|Any CPU
	EndGlobalSection
	GlobalSection(SolutionProperties) = preSolution
		HideSolutionNode = FALSE
	EndGlobalSection
	GlobalSection(ExtensibilityGlobals) = postSolution
		SolutionGuid = {D2EBF613-C711-4785-821E-6F028770E977}
	EndGlobalSection
EndGlobal
